{
  "name": "gatsby-plugin-flexsearch",
  "version": "1.0.3",
  "lockfileVersion": 1,
  "requires": true,
  "dependencies": {
    "flexsearch": {
      "version": "0.3.61",
      "resolved": "https://registry.npmjs.org/flexsearch/-/flexsearch-0.3.61.tgz",
      "integrity": "sha512-CrzQDICJggD0X41gV2PR6JiACdqWTQiGRqjyt2EaBLJVmOI0+/KaJC69AIOVjzE2yw3pzzyrHYo+hpxdKUQlpg=="
    }
  }
}
